# THIS IS AN AUTOGENERATED FILE. DO NOT EDIT THIS FILE DIRECTLY.
# yarn lockfile v1


install-vscode-extensions@^1.0.0:
  version "1.0.0"
  resolved "https://registry.yarnpkg.com/install-vscode-extensions/-/install-vscode-extensions-1.0.0.tgz#c445a4c075af9b503e9d8cc442119a0fc58076d9"
  integrity sha512-Tbc56oHVkem3utv77z35ryJL+SOuZEukEeDGi56vb80DGYeCsfLB01KjNYJiqZ4RvJjtuuYuQV7Kq/AfDQ55Pw==
  dependencies:
    which "^1.3.1"

isexe@^2.0.0:
  version "2.0.0"
  resolved "https://registry.yarnpkg.com/isexe/-/isexe-2.0.0.tgz#e8fbf374dc556ff8947a10dcb0572d633f2cfa10"
  integrity sha1-6PvzdNxVb/iUehDcsFctYz8s+hA=

pako@^1.0.6:
  version "1.0.6"
  resolved "https://registry.yarnpkg.com/pako/-/pako-1.0.6.tgz#0101211baa70c4bca4a0f63f2206e97b7dfaf258"
  integrity sha512-lQe48YPsMJAig+yngZ87Lus+NF+3mtu7DVOBu6b/gHO1YpKwIj5AWjZ/TOS7i46HD/UixzWb1zeWDZfGZ3iYcg==

python-rencode@^1.0.2:
  version "1.0.2"
  resolved "https://registry.yarnpkg.com/python-rencode/-/python-rencode-1.0.2.tgz#0eb203b8d681fae92f14cb94187a38f52aee161e"
  integrity sha512-8251sX/ELt+A4S3ubNncaPc/h6NMpAF5+FUbU1beTdN8JwspwhJZ9QqaeqiJWwPUL30yBy4elNW+g/5JoxkjDg==

which@^1.3.1:
  version "1.3.1"
  resolved "https://registry.yarnpkg.com/which/-/which-1.3.1.tgz#a45043d54f5805316da8d62f9f50918d3da70b0a"
  integrity sha512-HxJdYWq1MTIQbJ3nw0cqssHoTNU267KlrDuGZ1WYlxDStUtKUhOaJmh112/TZmHxxUfuJqPXSOm7tDyas0OSIQ==
  dependencies:
    isexe "^2.0.0"

yarn@^1.12.3:
  version "1.12.3"
  resolved "https://registry.yarnpkg.com/yarn/-/yarn-1.12.3.tgz#fb4599bf1f8da01552bcc7e1571dfd4e53788203"
  integrity sha512-8f5rWNDvkhAmCxmn8C0LsNWMxTYVk4VGKiq0sIB6HGZjaZTHsGIH87SUmVDUEd2Wk54bqKoUlbVWgQFCQhRkVw==
