# THIS IS AN AUTOGENERATED FILE. DO NOT EDIT THIS FILE DIRECTLY.
# yarn lockfile v1


exec-sh@^0.2.0:
  version "0.2.2"
  resolved "https://registry.yarnpkg.com/exec-sh/-/exec-sh-0.2.2.tgz#2a5e7ffcbd7d0ba2755bdecb16e5a427dfbdec36"
  integrity sha512-FIUCJz1RbuS0FKTdaAafAByGS0CPvU3R0MeHxgtl+djzCc//F8HakL8GzmVNZanasTbTAY/3DRFA0KpVqj/eAw==
  dependencies:
    merge "^1.2.0"

install-vscode-extensions@^1.0.0:
  version "1.0.0"
  resolved "https://registry.yarnpkg.com/install-vscode-extensions/-/install-vscode-extensions-1.0.0.tgz#c445a4c075af9b503e9d8cc442119a0fc58076d9"
  integrity sha512-Tbc56oHVkem3utv77z35ryJL+SOuZEukEeDGi56vb80DGYeCsfLB01KjNYJiqZ4RvJjtuuYuQV7Kq/AfDQ55Pw==
  dependencies:
    which "^1.3.1"

isexe@^2.0.0:
  version "2.0.0"
  resolved "https://registry.yarnpkg.com/isexe/-/isexe-2.0.0.tgz#e8fbf374dc556ff8947a10dcb0572d633f2cfa10"
  integrity sha1-6PvzdNxVb/iUehDcsFctYz8s+hA=

merge@^1.2.0:
  version "1.2.1"
  resolved "https://registry.yarnpkg.com/merge/-/merge-1.2.1.tgz#38bebf80c3220a8a487b6fcfb3941bb11720c145"
  integrity sha512-VjFo4P5Whtj4vsLzsYBu5ayHhoHJ0UqNm7ibvShmbmoz7tGi0vXaoJbGdB+GmDMLUdg8DpQXEIeVDAe8MaABvQ==

minimist@^1.2.0:
  version "1.2.0"
  resolved "https://registry.yarnpkg.com/minimist/-/minimist-1.2.0.tgz#a35008b20f41383eec1fb914f4cd5df79a264284"
  integrity sha1-o1AIsg9BOD7sH7kU9M1d95omQoQ=

pako@^1.0.6:
  version "1.0.6"
  resolved "https://registry.yarnpkg.com/pako/-/pako-1.0.6.tgz#0101211baa70c4bca4a0f63f2206e97b7dfaf258"
  integrity sha512-lQe48YPsMJAig+yngZ87Lus+NF+3mtu7DVOBu6b/gHO1YpKwIj5AWjZ/TOS7i46HD/UixzWb1zeWDZfGZ3iYcg==

prettier@^1.15.2:
  version "1.15.2"
  resolved "https://registry.yarnpkg.com/prettier/-/prettier-1.15.2.tgz#d31abe22afa4351efa14c7f8b94b58bb7452205e"
  integrity sha512-YgPLFFA0CdKL4Eg2IHtUSjzj/BWgszDHiNQAe0VAIBse34148whfdzLagRL+QiKS+YfK5ftB6X4v/MBw8yCoug==

python-rencode@^1.1.2:
  version "1.1.2"
  resolved "https://registry.yarnpkg.com/python-rencode/-/python-rencode-1.1.2.tgz#bc7410977192d450c4e72c64d84f64433508c7ea"
  integrity sha512-hPC2CJs2mmbM5pD3u4gr31N8EbyEWlQSKwTPUZHhdAn1zVFTuzpzYAi0cn5eZjv/z/a3dpPKGtFFyrMcelETow==

repl-live@^0.1.0:
  version "0.1.0"
  resolved "https://registry.yarnpkg.com/repl-live/-/repl-live-0.1.0.tgz#3b1bde0aac7124fe668168bf67c7adb18737083b"
  integrity sha512-LjsS51vdVN6pJ5GR5bQhjq30AJPtw+tDY9OuGS9TPpBsIHjhR/Z6LKzOJg3GEB3zWEEU81I3lh0wAXqKZok5bg==
  dependencies:
    watch "^1.0.2"

watch@^1.0.2:
  version "1.0.2"
  resolved "https://registry.yarnpkg.com/watch/-/watch-1.0.2.tgz#340a717bde765726fa0aa07d721e0147a551df0c"
  integrity sha1-NApxe952Vyb6CqB9ch4BR6VR3ww=
  dependencies:
    exec-sh "^0.2.0"
    minimist "^1.2.0"

which@^1.3.1:
  version "1.3.1"
  resolved "https://registry.yarnpkg.com/which/-/which-1.3.1.tgz#a45043d54f5805316da8d62f9f50918d3da70b0a"
  integrity sha512-HxJdYWq1MTIQbJ3nw0cqssHoTNU267KlrDuGZ1WYlxDStUtKUhOaJmh112/TZmHxxUfuJqPXSOm7tDyas0OSIQ==
  dependencies:
    isexe "^2.0.0"

yarn@^1.12.3:
  version "1.12.3"
  resolved "https://registry.yarnpkg.com/yarn/-/yarn-1.12.3.tgz#fb4599bf1f8da01552bcc7e1571dfd4e53788203"
  integrity sha512-8f5rWNDvkhAmCxmn8C0LsNWMxTYVk4VGKiq0sIB6HGZjaZTHsGIH87SUmVDUEd2Wk54bqKoUlbVWgQFCQhRkVw==
